
Microsoft Visual Studio Solution File, Format Version 12.00
# Visual Studio Version 17
VisualStudioVersion = 17.0.31903.59
MinimumVisualStudioVersion = 10.0.40219.1
Project("{2150E333-8FDC-42A3-9474-1A3956D46DE8}") = "src", "src", "{827E0CD3-B72D-47B6-A68D-7590B98EB39B}"
EndProject
Project("{FAE04EC0-301F-11D3-BF4B-00C04F79EFBC}") = "Charter", "src\Charter\Charter.csproj", "{D1A37031-FB00-40B2-BEEB-DC1D205809EC}"
EndProject
Project("{FAE04EC0-301F-11D3-BF4B-00C04F79EFBC}") = "Charter.Agent", "src\Charter.Agent\Charter.Agent.csproj", "{6653CF42-9F46-44BE-A535-BEE5131534EB}"
EndProject
Project("{FAE04EC0-301F-11D3-BF4B-00C04F79EFBC}") = "Charter.DetachedRunner", "src\Charter.DetachedRunner\Charter.DetachedRunner.csproj", "{197C4BC9-DE18-4780-92BD-1955DA5AE05E}"
EndProject
Project("{2150E333-8FDC-42A3-9474-1A3956D46DE8}") = "tests", "tests", "{0AB3BF05-4346-4AA6-1389-037BE0695223}"
EndProject
Project("{FAE04EC0-301F-11D3-BF4B-00C04F79EFBC}") = "Charter.Tests", "tests\Charter.Tests\Charter.Tests.csproj", "{E81C141A-7A67-4D6B-AB06-4F772088DF67}"
EndProject
Global
	GlobalSection(SolutionConfigurationPlatforms) = preSolution
		Debug|Any CPU = Debug|Any CPU
		Debug|x64 = Debug|x64
		Debug|x86 = Debug|x86
		Release|Any CPU = Release|Any CPU
		Release|x64 = Release|x64
		Release|x86 = Release|x86
	EndGlobalSection
	GlobalSection(ProjectConfigurationPlatforms) = postSolution
		{D1A37031-FB00-40B2-BEEB-DC1D205809EC}.Debug|Any CPU.ActiveCfg = Debug|Any CPU
		{D1A37031-FB00-40B2-BEEB-DC1D205809EC}.Debug|Any CPU.Build.0 = Debug|Any CPU
		{D1A37031-FB00-40B2-BEEB-DC1D205809EC}.Debug|x64.ActiveCfg = Debug|Any CPU
		{D1A37031-FB00-40B2-BEEB-DC1D205809EC}.Debug|x64.Build.0 = Debug|Any CPU
		{D1A37031-FB00-40B2-BEEB-DC1D205809EC}.Debug|x86.ActiveCfg = Debug|Any CPU
		{D1A37031-FB00-40B2-BEEB-DC1D205809EC}.Debug|x86.Build.0 = Debug|Any CPU
		{D1A37031-FB00-40B2-BEEB-DC1D205809EC}.Release|Any CPU.ActiveCfg = Release|Any CPU
		{D1A37031-FB00-40B2-BEEB-DC1D205809EC}.Release|Any CPU.Build.0 = Release|Any CPU
		{D1A37031-FB00-40B2-BEEB-DC1D205809EC}.Release|x64.ActiveCfg = Release|Any CPU
		{D1A37031-FB00-40B2-BEEB-DC1D205809EC}.Release|x64.Build.0 = Release|Any CPU
		{D1A37031-FB00-40B2-BEEB-DC1D205809EC}.Release|x86.ActiveCfg = Release|Any CPU
		{D1A37031-FB00-40B2-BEEB-DC1D205809EC}.Release|x86.Build.0 = Release|Any CPU
		{6653CF42-9F46-44BE-A535-BEE5131534EB}.Debug|Any CPU.ActiveCfg = Debug|Any CPU
		{6653CF42-9F46-44BE-A535-BEE5131534EB}.Debug|Any CPU.Build.0 = Debug|Any CPU
		{6653CF42-9F46-44BE-A535-BEE5131534EB}.Debug|x64.ActiveCfg = Debug|Any CPU
		{6653CF42-9F46-44BE-A535-BEE5131534EB}.Debug|x64.Build.0 = Debug|Any CPU
		{6653CF42-9F46-44BE-A535-BEE5131534EB}.Debug|x86.ActiveCfg = Debug|Any CPU
		{6653CF42-9F46-44BE-A535-BEE5131534EB}.Debug|x86.Build.0 = Debug|Any CPU
		{6653CF42-9F46-44BE-A535-BEE5131534EB}.Release|Any CPU.ActiveCfg = Release|Any CPU
		{6653CF42-9F46-44BE-A535-BEE5131534EB}.Release|Any CPU.Build.0 = Release|Any CPU
		{6653CF42-9F46-44BE-A535-BEE5131534EB}.Release|x64.ActiveCfg = Release|Any CPU
		{6653CF42-9F46-44BE-A535-BEE5131534EB}.Release|x64.Build.0 = Release|Any CPU
		{6653CF42-9F46-44BE-A535-BEE5131534EB}.Release|x86.ActiveCfg = Release|Any CPU
		{6653CF42-9F46-44BE-A535-BEE5131534EB}.Release|x86.Build.0 = Release|Any CPU
		{197C4BC9-DE18-4780-92BD-1955DA5AE05E}.Debug|Any CPU.ActiveCfg = Debug|Any CPU
		{197C4BC9-DE18-4780-92BD-1955DA5AE05E}.Debug|Any CPU.Build.0 = Debug|Any CPU
		{197C4BC9-DE18-4780-92BD-1955DA5AE05E}.Debug|x64.ActiveCfg = Debug|Any CPU
		{197C4BC9-DE18-4780-92BD-1955DA5AE05E}.Debug|x64.Build.0 = Debug|Any CPU
		{197C4BC9-DE18-4780-92BD-1955DA5AE05E}.Debug|x86.ActiveCfg = Debug|Any CPU
		{197C4BC9-DE18-4780-92BD-1955DA5AE05E}.Debug|x86.Build.0 = Debug|Any CPU
		{197C4BC9-DE18-4780-92BD-1955DA5AE05E}.Release|Any CPU.ActiveCfg = Release|Any CPU
		{197C4BC9-DE18-4780-92BD-1955DA5AE05E}.Release|Any CPU.Build.0 = Release|Any CPU
		{197C4BC9-DE18-4780-92BD-1955DA5AE05E}.Release|x64.ActiveCfg = Release|Any CPU
		{197C4BC9-DE18-4780-92BD-1955DA5AE05E}.Release|x64.Build.0 = Release|Any CPU
		{197C4BC9-DE18-4780-92BD-1955DA5AE05E}.Release|x86.ActiveCfg = Release|Any CPU
		{197C4BC9-DE18-4780-92BD-1955DA5AE05E}.Release|x86.Build.0 = Release|Any CPU
		{E81C141A-7A67-4D6B-AB06-4F772088DF67}.Debug|Any CPU.ActiveCfg = Debug|Any CPU
		{E81C141A-7A67-4D6B-AB06-4F772088DF67}.Debug|Any CPU.Build.0 = Debug|Any CPU
		{E81C141A-7A67-4D6B-AB06-4F772088DF67}.Debug|x64.ActiveCfg = Debug|Any CPU
		{E81C141A-7A67-4D6B-AB06-4F772088DF67}.Debug|x64.Build.0 = Debug|Any CPU
		{E81C141A-7A67-4D6B-AB06-4F772088DF67}.Debug|x86.ActiveCfg = Debug|Any CPU
		{E81C141A-7A67-4D6B-AB06-4F772088DF67}.Debug|x86.Build.0 = Debug|Any CPU
		{E81C141A-7A67-4D6B-AB06-4F772088DF67}.Release|Any CPU.ActiveCfg = Release|Any CPU
		{E81C141A-7A67-4D6B-AB06-4F772088DF67}.Release|Any CPU.Build.0 = Release|Any CPU
		{E81C141A-7A67-4D6B-AB06-4F772088DF67}.Release|x64.ActiveCfg = Release|Any CPU
		{E81C141A-7A67-4D6B-AB06-4F772088DF67}.Release|x64.Build.0 = Release|Any CPU
		{E81C141A-7A67-4D6B-AB06-4F772088DF67}.Release|x86.ActiveCfg = Release|Any CPU
		{E81C141A-7A67-4D6B-AB06-4F772088DF67}.Release|x86.Build.0 = Release|Any CPU
	EndGlobalSection
	GlobalSection(SolutionProperties) = preSolution
		HideSolutionNode = FALSE
	EndGlobalSection
	GlobalSection(NestedProjects) = preSolution
		{D1A37031-FB00-40B2-BEEB-DC1D205809EC} = {827E0CD3-B72D-47B6-A68D-7590B98EB39B}
		{6653CF42-9F46-44BE-A535-BEE5131534EB} = {827E0CD3-B72D-47B6-A68D-7590B98EB39B}
		{197C4BC9-DE18-4780-92BD-1955DA5AE05E} = {827E0CD3-B72D-47B6-A68D-7590B98EB39B}
		{E81C141A-7A67-4D6B-AB06-4F772088DF67} = {0AB3BF05-4346-4AA6-1389-037BE0695223}
	EndGlobalSection
EndGlobal
